
Microsoft Visual Studio Solution File, Format Version 10.00
# Visual C# Express 2008
Project("{FAE04EC0-301F-11D3-BF4B-00C04F79EFBC}") = "barcode-rfid", "barcode-rfid\barcode-rfid.csproj", "{D061A606-8F9D-4B86-A11C-1EE4ED354FF8}"
EndProject
Global
	GlobalSection(SolutionConfigurationPlatforms) = preSolution
		Debug|Any CPU = Debug|Any CPU
		Release|Any CPU = Release|Any CPU
	EndGlobalSection
	GlobalSection(ProjectConfigurationPlatforms) = postSolution
		{D061A606-8F9D-4B86-A11C-1EE4ED354FF8}.Debug|Any CPU.ActiveCfg = Debug|Any CPU
		{D061A606-8F9D-4B86-A11C-1EE4ED354FF8}.Debug|Any CPU.Build.0 = Debug|Any CPU
		{D061A606-8F9D-4B86-A11C-1EE4ED354FF8}.Release|Any CPU.ActiveCfg = Release|Any CPU
		{D061A606-8F9D-4B86-A11C-1EE4ED354FF8}.Release|Any CPU.Build.0 = Release|Any CPU
	EndGlobalSection
	GlobalSection(SolutionProperties) = preSolution
		HideSolutionNode = FALSE
	EndGlobalSection
EndGlobal
